// !$*UTF8*$!
{
	archiveVersion = 1;
	classes = {
	};
	objectVersion = 55;
	objects = {

/* Begin PBXBuildFile section */
		49B54D2727BFE91200F2407E /* AppDelegate.swift in Sources */ = {isa = PBXBuildFile; fileRef = 49B54D2627BFE91200F2407E /* AppDelegate.swift */; };
		49B54D2927BFE91200F2407E /* SceneDelegate.swift in Sources */ = {isa = PBXBuildFile; fileRef = 49B54D2827BFE91200F2407E /* SceneDelegate.swift */; };
		49B54D2E27BFE91300F2407E /* Main.storyboard in Resources */ = {isa = PBXBuildFile; fileRef = 49B54D2C27BFE91300F2407E /* Main.storyboard */; };
		49B54D3027BFE91800F2407E /* Assets.xcassets in Resources */ = {isa = PBXBuildFile; fileRef = 49B54D2F27BFE91800F2407E /* Assets.xcassets */; };
		49B54D3327BFE91800F2407E /* LaunchScreen.storyboard in Resources */ = {isa = PBXBuildFile; fileRef = 49B54D3127BFE91800F2407E /* LaunchScreen.storyboard */; };
		49B54D3B27BFEBA000F2407E /* NotesList.swift in Sources */ = {isa = PBXBuildFile; fileRef = 49B54D3A27BFEBA000F2407E /* NotesList.swift */; };
		49B54D3D27BFEBAB00F2407E /* DataManager.swift in Sources */ = {isa = PBXBuildFile; fileRef = 49B54D3C27BFEBAB00F2407E /* DataManager.swift */; };
		49B54D3F27BFEBB200F2407E /* StorageManager.swift in Sources */ = {isa = PBXBuildFile; fileRef = 49B54D3E27BFEBB200F2407E /* StorageManager.swift */; };
		49B54D4127BFEBC700F2407E /* NotesListsViewController.swift in Sources */ = {isa = PBXBuildFile; fileRef = 49B54D4027BFEBC700F2407E /* NotesListsViewController.swift */; };
		49B54D4327BFEBD300F2407E /* NotesListViewController.swift in Sources */ = {isa = PBXBuildFile; fileRef = 49B54D4227BFEBD300F2407E /* NotesListViewController.swift */; };
		49B54D4527BFEBEB00F2407E /* NoteDetailViewController.swift in Sources */ = {isa = PBXBuildFile; fileRef = 49B54D4427BFEBEB00F2407E /* NoteDetailViewController.swift */; };
		49B54D4727BFEBF900F2407E /* AlertController.swift in Sources */ = {isa = PBXBuildFile; fileRef = 49B54D4627BFEBF900F2407E /* AlertController.swift */; };
		9CF9637982ADE6176D20B0B1 /* Pods_MyNotesApp.framework in Frameworks */ = {isa = PBXBuildFile; fileRef = 5CF75ED7D0D9D042CF1B3146 /* Pods_MyNotesApp.framework */; };
/* End PBXBuildFile section */

/* Begin PBXFileReference section */
		49B54D2327BFE91200F2407E /* MyNotesApp.app */ = {isa = PBXFileReference; explicitFileType = wrapper.application; includeInIndex = 0; path = MyNotesApp.app; sourceTree = BUILT_PRODUCTS_DIR; };
		49B54D2627BFE91200F2407E /* AppDelegate.swift */ = {isa = PBXFileReference; lastKnownFileType = sourcecode.swift; path = AppDelegate.swift; sourceTree = "<group>"; };
		49B54D2827BFE91200F2407E /* SceneDelegate.swift */ = {isa = PBXFileReference; lastKnownFileType = sourcecode.swift; path = SceneDelegate.swift; sourceTree = "<group>"; };
		49B54D2D27BFE91300F2407E /* Base */ = {isa = PBXFileReference; lastKnownFileType = file.storyboard; name = Base; path = Base.lproj/Main.storyboard; sourceTree = "<group>"; };
		49B54D2F27BFE91800F2407E /* Assets.xcassets */ = {isa = PBXFileReference; lastKnownFileType = folder.assetcatalog; path = Assets.xcassets; sourceTree = "<group>"; };
		49B54D3227BFE91800F2407E /* Base */ = {isa = PBXFileReference; lastKnownFileType = file.storyboard; name = Base; path = Base.lproj/LaunchScreen.storyboard; sourceTree = "<group>"; };
		49B54D3427BFE91800F2407E /* Info.plist */ = {isa = PBXFileReference; lastKnownFileType = text.plist.xml; path = Info.plist; sourceTree = "<group>"; };
		49B54D3A27BFEBA000F2407E /* NotesList.swift */ = {isa = PBXFileReference; lastKnownFileType = sourcecode.swift; path = NotesList.swift; sourceTree = "<group>"; };
		49B54D3C27BFEBAB00F2407E /* DataManager.swift */ = {isa = PBXFileReference; lastKnownFileType = sourcecode.swift; path = DataManager.swift; sourceTree = "<group>"; };
		49B54D3E27BFEBB200F2407E /* StorageManager.swift */ = {isa = PBXFileReference; lastKnownFileType = sourcecode.swift; path = StorageManager.swift; sourceTree = "<group>"; };
		49B54D4027BFEBC700F2407E /* NotesListsViewController.swift */ = {isa = PBXFileReference; lastKnownFileType = sourcecode.swift; path = NotesListsViewController.swift; sourceTree = "<group>"; };
		49B54D4227BFEBD300F2407E /* NotesListViewController.swift */ = {isa = PBXFileReference; lastKnownFileType = sourcecode.swift; path = NotesListViewController.swift; sourceTree = "<group>"; };
		49B54D4427BFEBEB00F2407E /* NoteDetailViewController.swift */ = {isa = PBXFileReference; lastKnownFileType = sourcecode.swift; path = NoteDetailViewController.swift; sourceTree = "<group>"; };
		49B54D4627BFEBF900F2407E /* AlertController.swift */ = {isa = PBXFileReference; lastKnownFileType = sourcecode.swift; path = AlertController.swift; sourceTree = "<group>"; };
		5CF75ED7D0D9D042CF1B3146 /* Pods_MyNotesApp.framework */ = {isa = PBXFileReference; explicitFileType = wrapper.framework; includeInIndex = 0; path = Pods_MyNotesApp.framework; sourceTree = BUILT_PRODUCTS_DIR; };
		A642519062D5105235DC89CD /* Pods-MyNotesApp.debug.xcconfig */ = {isa = PBXFileReference; includeInIndex = 1; lastKnownFileType = text.xcconfig; name = "Pods-MyNotesApp.debug.xcconfig"; path = "Target Support Files/Pods-MyNotesApp/Pods-MyNotesApp.debug.xcconfig"; sourceTree = "<group>"; };
		D1092C2C09A1E2C9B8CCA3C7 /* Pods-MyNotesApp.release.xcconfig */ = {isa = PBXFileReference; includeInIndex = 1; lastKnownFileType = text.xcconfig; name = "Pods-MyNotesApp.release.xcconfig"; path = "Target Support Files/Pods-MyNotesApp/Pods-MyNotesApp.release.xcconfig"; sourceTree = "<group>"; };
/* End PBXFileReference section */

/* Begin PBXFrameworksBuildPhase section */
		49B54D2027BFE91200F2407E /* Frameworks */ = {
			isa = PBXFrameworksBuildPhase;
			buildActionMask = 2147483647;
			files = (
				9CF9637982ADE6176D20B0B1 /* Pods_MyNotesApp.framework in Frameworks */,
			);
			runOnlyForDeploymentPostprocessing = 0;
		};
/* End PBXFrameworksBuildPhase section */

/* Begin PBXGroup section */
		257A1A35B57CD07394EA9B1E /* Pods */ = {
			isa = PBXGroup;
			children = (
				A642519062D5105235DC89CD /* Pods-MyNotesApp.debug.xcconfig */,
				D1092C2C09A1E2C9B8CCA3C7 /* Pods-MyNotesApp.release.xcconfig */,
			);
			path = Pods;
			sourceTree = "<group>";
		};
		49B54D1A27BFE91200F2407E = {
			isa = PBXGroup;
			children = (
				49B54D2527BFE91200F2407E /* MyNotesApp */,
				49B54D2427BFE91200F2407E /* Products */,
				257A1A35B57CD07394EA9B1E /* Pods */,
				741B970C33C85FB35FD087AC /* Frameworks */,
			);
			sourceTree = "<group>";
		};
		49B54D2427BFE91200F2407E /* Products */ = {
			isa = PBXGroup;
			children = (
				49B54D2327BFE91200F2407E /* MyNotesApp.app */,
			);
			name = Products;
			sourceTree = "<group>";
		};
		49B54D2527BFE91200F2407E /* MyNotesApp */ = {
			isa = PBXGroup;
			children = (
				49B54D4827BFEEB200F2407E /* Models */,
				49B54D4A27BFEED100F2407E /* ViewControllers */,
				49B54D4927BFEEC000F2407E /* Services */,
				49B54D4B27BFEEDC00F2407E /* Extensions */,
				49B54D4C27BFEEEB00F2407E /* Storyboards */,
				49B54D4D27BFEF0400F2407E /* Resources */,
			);
			path = MyNotesApp;
			sourceTree = "<group>";
		};
		49B54D4827BFEEB200F2407E /* Models */ = {
			isa = PBXGroup;
			children = (
				49B54D3A27BFEBA000F2407E /* NotesList.swift */,
			);
			path = Models;
			sourceTree = "<group>";
		};
		49B54D4927BFEEC000F2407E /* Services */ = {
			isa = PBXGroup;
			children = (
				49B54D3C27BFEBAB00F2407E /* DataManager.swift */,
				49B54D3E27BFEBB200F2407E /* StorageManager.swift */,
			);
			path = Services;
			sourceTree = "<group>";
		};
		49B54D4A27BFEED100F2407E /* ViewControllers */ = {
			isa = PBXGroup;
			children = (
				49B54D4027BFEBC700F2407E /* NotesListsViewController.swift */,
				49B54D4227BFEBD300F2407E /* NotesListViewController.swift */,
				49B54D4427BFEBEB00F2407E /* NoteDetailViewController.swift */,
			);
			path = ViewControllers;
			sourceTree = "<group>";
		};
		49B54D4B27BFEEDC00F2407E /* Extensions */ = {
			isa = PBXGroup;
			children = (
				49B54D4627BFEBF900F2407E /* AlertController.swift */,
			);
			path = Extensions;
			sourceTree = "<group>";
		};
		49B54D4C27BFEEEB00F2407E /* Storyboards */ = {
			isa = PBXGroup;
			children = (
				49B54D2C27BFE91300F2407E /* Main.storyboard */,
				49B54D3127BFE91800F2407E /* LaunchScreen.storyboard */,
			);
			path = Storyboards;
			sourceTree = "<group>";
		};
		49B54D4D27BFEF0400F2407E /* Resources */ = {
			isa = PBXGroup;
			children = (
				49B54D2F27BFE91800F2407E /* Assets.xcassets */,
				49B54D2627BFE91200F2407E /* AppDelegate.swift */,
				49B54D2827BFE91200F2407E /* SceneDelegate.swift */,
				49B54D3427BFE91800F2407E /* Info.plist */,
			);
			path = Resources;
			sourceTree = "<group>";
		};
		741B970C33C85FB35FD087AC /* Frameworks */ = {
			isa = PBXGroup;
			children = (
				5CF75ED7D0D9D042CF1B3146 /* Pods_MyNotesApp.framework */,
			);
			name = Frameworks;
			sourceTree = "<group>";
		};
/* End PBXGroup section */

/* Begin PBXNativeTarget section */
		49B54D2227BFE91200F2407E /* MyNotesApp */ = {
			isa = PBXNativeTarget;
			buildConfigurationList = 49B54D3727BFE91800F2407E /* Build configuration list for PBXNativeTarget "MyNotesApp" */;
			buildPhases = (
				28224F131250F81F4676C988 /* [CP] Check Pods Manifest.lock */,
				49B54D1F27BFE91200F2407E /* Sources */,
				49B54D2027BFE91200F2407E /* Frameworks */,
				49B54D2127BFE91200F2407E /* Resources */,
				A04826D69634499AF23D4792 /* [CP] Embed Pods Frameworks */,
			);
			buildRules = (
			);
			dependencies = (
			);
			name = MyNotesApp;
			productName = MyNotesApp;
			productReference = 49B54D2327BFE91200F2407E /* MyNotesApp.app */;
			productType = "com.apple.product-type.application";
		};
/* End PBXNativeTarget section */

/* Begin PBXProject section */
		49B54D1B27BFE91200F2407E /* Project object */ = {
			isa = PBXProject;
			attributes = {
				BuildIndependentTargetsInParallel = 1;
				LastSwiftUpdateCheck = 1320;
				LastUpgradeCheck = 1320;
				TargetAttributes = {
					49B54D2227BFE91200F2407E = {
						CreatedOnToolsVersion = 13.2.1;
					};
				};
			};
			buildConfigurationList = 49B54D1E27BFE91200F2407E /* Build configuration list for PBXProject "MyNotesApp" */;
			compatibilityVersion = "Xcode 13.0";
			developmentRegion = en;
			hasScannedForEncodings = 0;
			knownRegions = (
				en,
				Base,
			);
			mainGroup = 49B54D1A27BFE91200F2407E;
			productRefGroup = 49B54D2427BFE91200F2407E /* Products */;
			projectDirPath = "";
			projectRoot = "";
			targets = (
				49B54D2227BFE91200F2407E /* MyNotesApp */,
			);
		};
/* End PBXProject section */

/* Begin PBXResourcesBuildPhase section */
		49B54D2127BFE91200F2407E /* Resources */ = {
			isa = PBXResourcesBuildPhase;
			buildActionMask = 2147483647;
			files = (
				49B54D3327BFE91800F2407E /* LaunchScreen.storyboard in Resources */,
				49B54D3027BFE91800F2407E /* Assets.xcassets in Resources */,
				49B54D2E27BFE91300F2407E /* Main.storyboard in Resources */,
			);
			runOnlyForDeploymentPostprocessing = 0;
		};
/* End PBXResourcesBuildPhase section */

/* Begin PBXShellScriptBuildPhase section */
		28224F131250F81F4676C988 /* [CP] Check Pods Manifest.lock */ = {
			isa = PBXShellScriptBuildPhase;
			buildActionMask = 2147483647;
			files = (
			);
			inputFileListPaths = (
			);
			inputPaths = (
				"${PODS_PODFILE_DIR_PATH}/Podfile.lock",
				"${PODS_ROOT}/Manifest.lock",
			);
			name = "[CP] Check Pods Manifest.lock";
			outputFileListPaths = (
			);
			outputPaths = (
				"$(DERIVED_FILE_DIR)/Pods-MyNotesApp-checkManifestLockResult.txt",
			);
			runOnlyForDeploymentPostprocessing = 0;
			shellPath = /bin/sh;
			shellScript = "diff \"${PODS_PODFILE_DIR_PATH}/Podfile.lock\" \"${PODS_ROOT}/Manifest.lock\" > /dev/null\nif [ $? != 0 ] ; then\n    # print error to STDERR\n    echo \"error: The sandbox is not in sync with the Podfile.lock. Run 'pod install' or update your CocoaPods installation.\" >&2\n    exit 1\nfi\n# This output is used by Xcode 'outputs' to avoid re-running this script phase.\necho \"SUCCESS\" > \"${SCRIPT_OUTPUT_FILE_0}\"\n";
			showEnvVarsInLog = 0;
		};
		A04826D69634499AF23D4792 /* [CP] Embed Pods Frameworks */ = {
			isa = PBXShellScriptBuildPhase;
			buildActionMask = 2147483647;
			files = (
			);
			inputFileListPaths = (
				"${PODS_ROOT}/Target Support Files/Pods-MyNotesApp/Pods-MyNotesApp-frameworks-${CONFIGURATION}-input-files.xcfilelist",
			);
			name = "[CP] Embed Pods Frameworks";
			outputFileListPaths = (
				"${PODS_ROOT}/Target Support Files/Pods-MyNotesApp/Pods-MyNotesApp-frameworks-${CONFIGURATION}-output-files.xcfilelist",
			);
			runOnlyForDeploymentPostprocessing = 0;
			shellPath = /bin/sh;
			shellScript = "\"${PODS_ROOT}/Target Support Files/Pods-MyNotesApp/Pods-MyNotesApp-frameworks.sh\"\n";
			showEnvVarsInLog = 0;
		};
/* End PBXShellScriptBuildPhase section */

/* Begin PBXSourcesBuildPhase section */
		49B54D1F27BFE91200F2407E /* Sources */ = {
			isa = PBXSourcesBuildPhase;
			buildActionMask = 2147483647;
			files = (
				49B54D4127BFEBC700F2407E /* NotesListsViewController.swift in Sources */,
				49B54D4727BFEBF900F2407E /* AlertController.swift in Sources */,
				49B54D4527BFEBEB00F2407E /* NoteDetailViewController.swift in Sources */,
				49B54D2727BFE91200F2407E /* AppDelegate.swift in Sources */,
				49B54D3D27BFEBAB00F2407E /* DataManager.swift in Sources */,
				49B54D3F27BFEBB200F2407E /* StorageManager.swift in Sources */,
				49B54D3B27BFEBA000F2407E /* NotesList.swift in Sources */,
				49B54D2927BFE91200F2407E /* SceneDelegate.swift in Sources */,
				49B54D4327BFEBD300F2407E /* NotesListViewController.swift in Sources */,
			);
			runOnlyForDeploymentPostprocessing = 0;
		};
/* End PBXSourcesBuildPhase section */

/* Begin PBXVariantGroup section */
		49B54D2C27BFE91300F2407E /* Main.storyboard */ = {
			isa = PBXVariantGroup;
			children = (
				49B54D2D27BFE91300F2407E /* Base */,
			);
			name = Main.storyboard;
			sourceTree = "<group>";
		};
		49B54D3127BFE91800F2407E /* LaunchScreen.storyboard */ = {
			isa = PBXVariantGroup;
			children = (
				49B54D3227BFE91800F2407E /* Base */,
			);
			name = LaunchScreen.storyboard;
			sourceTree = "<group>";
		};
/* End PBXVariantGroup section */

/* Begin XCBuildConfiguration section */
		49B54D3527BFE91800F2407E /* Debug */ = {
			isa = XCBuildConfiguration;
			buildSettings = {
				ALWAYS_SEARCH_USER_PATHS = NO;
				CLANG_ANALYZER_NONNULL = YES;
				CLANG_ANALYZER_NUMBER_OBJECT_CONVERSION = YES_AGGRESSIVE;
				CLANG_CXX_LANGUAGE_STANDARD = "gnu++17";
				CLANG_CXX_LIBRARY = "libc++";
				CLANG_ENABLE_MODULES = YES;
				CLANG_ENABLE_OBJC_ARC = YES;
				CLANG_ENABLE_OBJC_WEAK = YES;
				CLANG_WARN_BLOCK_CAPTURE_AUTORELEASING = YES;
				CLANG_WARN_BOOL_CONVERSION = YES;
				CLANG_WARN_COMMA = YES;
				CLANG_WARN_CONSTANT_CONVERSION = YES;
				CLANG_WARN_DEPRECATED_OBJC_IMPLEMENTATIONS = YES;
				CLANG_WARN_DIRECT_OBJC_ISA_USAGE = YES_ERROR;
				CLANG_WARN_DOCUMENTATION_COMMENTS = YES;
				CLANG_WARN_EMPTY_BODY = YES;
				CLANG_WARN_ENUM_CONVERSION = YES;
				CLANG_WARN_INFINITE_RECURSION = YES;
				CLANG_WARN_INT_CONVERSION = YES;
				CLANG_WARN_NON_LITERAL_NULL_CONVERSION = YES;
				CLANG_WARN_OBJC_IMPLICIT_RETAIN_SELF = YES;
				CLANG_WARN_OBJC_LITERAL_CONVERSION = YES;
				CLANG_WARN_OBJC_ROOT_CLASS = YES_ERROR;
				CLANG_WARN_QUOTED_INCLUDE_IN_FRAMEWORK_HEADER = YES;
				CLANG_WARN_RANGE_LOOP_ANALYSIS = YES;
				CLANG_WARN_STRICT_PROTOTYPES = YES;
				CLANG_WARN_SUSPICIOUS_MOVE = YES;
				CLANG_WARN_UNGUARDED_AVAILABILITY = YES_AGGRESSIVE;
				CLANG_WARN_UNREACHABLE_CODE = YES;
				CLANG_WARN__DUPLICATE_METHOD_MATCH = YES;
				COPY_PHASE_STRIP = NO;
				DEBUG_INFORMATION_FORMAT = dwarf;
				ENABLE_STRICT_OBJC_MSGSEND = YES;
				ENABLE_TESTABILITY = YES;
				GCC_C_LANGUAGE_STANDARD = gnu11;
				GCC_DYNAMIC_NO_PIC = NO;
				GCC_NO_COMMON_BLOCKS = YES;
				GCC_OPTIMIZATION_LEVEL = 0;
				GCC_PREPROCESSOR_DEFINITIONS = (
					"DEBUG=1",
					"$(inherited)",
				);
				GCC_WARN_64_TO_32_BIT_CONVERSION = YES;
				GCC_WARN_ABOUT_RETURN_TYPE = YES_ERROR;
				GCC_WARN_UNDECLARED_SELECTOR = YES;
				GCC_WARN_UNINITIALIZED_AUTOS = YES_AGGRESSIVE;
				GCC_WARN_UNUSED_FUNCTION = YES;
				GCC_WARN_UNUSED_VARIABLE = YES;
				IPHONEOS_DEPLOYMENT_TARGET = 15.2;
				MTL_ENABLE_DEBUG_INFO = INCLUDE_SOURCE;
				MTL_FAST_MATH = YES;
				ONLY_ACTIVE_ARCH = YES;
				SDKROOT = iphoneos;
				SWIFT_ACTIVE_COMPILATION_CONDITIONS = DEBUG;
				SWIFT_OPTIMIZATION_LEVEL = "-Onone";
			};
			name = Debug;
		};
		49B54D3627BFE91800F2407E /* Release */ = {
			isa = XCBuildConfiguration;
			buildSettings = {
				ALWAYS_SEARCH_USER_PATHS = NO;
				CLANG_ANALYZER_NONNULL = YES;
				CLANG_ANALYZER_NUMBER_OBJECT_CONVERSION = YES_AGGRESSIVE;
				CLANG_CXX_LANGUAGE_STANDARD = "gnu++17";
				CLANG_CXX_LIBRARY = "libc++";
				CLANG_ENABLE_MODULES = YES;
				CLANG_ENABLE_OBJC_ARC = YES;
				CLANG_ENABLE_OBJC_WEAK = YES;
				CLANG_WARN_BLOCK_CAPTURE_AUTORELEASING = YES;
				CLANG_WARN_BOOL_CONVERSION = YES;
				CLANG_WARN_COMMA = YES;
				CLANG_WARN_CONSTANT_CONVERSION = YES;
				CLANG_WARN_DEPRECATED_OBJC_IMPLEMENTATIONS = YES;
				CLANG_WARN_DIRECT_OBJC_ISA_USAGE = YES_ERROR;
				CLANG_WARN_DOCUMENTATION_COMMENTS = YES;
				CLANG_WARN_EMPTY_BODY = YES;
				CLANG_WARN_ENUM_CONVERSION = YES;
				CLANG_WARN_INFINITE_RECURSION = YES;
				CLANG_WARN_INT_CONVERSION = YES;
				CLANG_WARN_NON_LITERAL_NULL_CONVERSION = YES;
				CLANG_WARN_OBJC_IMPLICIT_RETAIN_SELF = YES;
				CLANG_WARN_OBJC_LITERAL_CONVERSION = YES;
				CLANG_WARN_OBJC_ROOT_CLASS = YES_ERROR;
				CLANG_WARN_QUOTED_INCLUDE_IN_FRAMEWORK_HEADER = YES;
				CLANG_WARN_RANGE_LOOP_ANALYSIS = YES;
				CLANG_WARN_STRICT_PROTOTYPES = YES;
				CLANG_WARN_SUSPICIOUS_MOVE = YES;
				CLANG_WARN_UNGUARDED_AVAILABILITY = YES_AGGRESSIVE;
				CLANG_WARN_UNREACHABLE_CODE = YES;
				CLANG_WARN__DUPLICATE_METHOD_MATCH = YES;
				COPY_PHASE_STRIP = NO;
				DEBUG_INFORMATION_FORMAT = "dwarf-with-dsym";
				ENABLE_NS_ASSERTIONS = NO;
				ENABLE_STRICT_OBJC_MSGSEND = YES;
				GCC_C_LANGUAGE_STANDARD = gnu11;
				GCC_NO_COMMON_BLOCKS = YES;
				GCC_WARN_64_TO_32_BIT_CONVERSION = YES;
				GCC_WARN_ABOUT_RETURN_TYPE = YES_ERROR;
				GCC_WARN_UNDECLARED_SELECTOR = YES;
				GCC_WARN_UNINITIALIZED_AUTOS = YES_AGGRESSIVE;
				GCC_WARN_UNUSED_FUNCTION = YES;
				GCC_WARN_UNUSED_VARIABLE = YES;
				IPHONEOS_DEPLOYMENT_TARGET = 15.2;
				MTL_ENABLE_DEBUG_INFO = NO;
				MTL_FAST_MATH = YES;
				SDKROOT = iphoneos;
				SWIFT_COMPILATION_MODE = wholemodule;
				SWIFT_OPTIMIZATION_LEVEL = "-O";
				VALIDATE_PRODUCT = YES;
			};
			name = Release;
		};
		49B54D3827BFE91800F2407E /* Debug */ = {
			isa = XCBuildConfiguration;
			baseConfigurationReference = A642519062D5105235DC89CD /* Pods-MyNotesApp.debug.xcconfig */;
			buildSettings = {
				ASSETCATALOG_COMPILER_APPICON_NAME = AppIcon;
				ASSETCATALOG_COMPILER_GLOBAL_ACCENT_COLOR_NAME = AccentColor;
				CODE_SIGN_STYLE = Automatic;
				CURRENT_PROJECT_VERSION = 1;
				DEVELOPMENT_TEAM = 7M45YMPC23;
				GENERATE_INFOPLIST_FILE = YES;
				INFOPLIST_FILE = MyNotesApp/Resources/Info.plist;
				INFOPLIST_KEY_UIApplicationSupportsIndirectInputEvents = YES;
				INFOPLIST_KEY_UILaunchStoryboardName = LaunchScreen;
				INFOPLIST_KEY_UIMainStoryboardFile = Main;
				INFOPLIST_KEY_UISupportedInterfaceOrientations_iPad = "UIInterfaceOrientationPortrait UIInterfaceOrientationPortraitUpsideDown UIInterfaceOrientationLandscapeLeft UIInterfaceOrientationLandscapeRight";
				INFOPLIST_KEY_UISupportedInterfaceOrientations_iPhone = "UIInterfaceOrientationPortrait UIInterfaceOrientationLandscapeLeft UIInterfaceOrientationLandscapeRight";
				LD_RUNPATH_SEARCH_PATHS = (
					"$(inherited)",
					"@executable_path/Frameworks",
				);
				MARKETING_VERSION = 1.0;
				PRODUCT_BUNDLE_IDENTIFIER = QW.MyNotesApp;
				PRODUCT_NAME = "$(TARGET_NAME)";
				SWIFT_EMIT_LOC_STRINGS = YES;
				SWIFT_VERSION = 5.0;
				TARGETED_DEVICE_FAMILY = "1,2";
			};
			name = Debug;
		};
		49B54D3927BFE91800F2407E /* Release */ = {
			isa = XCBuildConfiguration;
			baseConfigurationReference = D1092C2C09A1E2C9B8CCA3C7 /* Pods-MyNotesApp.release.xcconfig */;
			buildSettings = {
				ASSETCATALOG_COMPILER_APPICON_NAME = AppIcon;
				ASSETCATALOG_COMPILER_GLOBAL_ACCENT_COLOR_NAME = AccentColor;
				CODE_SIGN_STYLE = Automatic;
				CURRENT_PROJECT_VERSION = 1;
				DEVELOPMENT_TEAM = 7M45YMPC23;
				GENERATE_INFOPLIST_FILE = YES;
				INFOPLIST_FILE = MyNotesApp/Resources/Info.plist;
				INFOPLIST_KEY_UIApplicationSupportsIndirectInputEvents = YES;
				INFOPLIST_KEY_UILaunchStoryboardName = LaunchScreen;
				INFOPLIST_KEY_UIMainStoryboardFile = Main;
				INFOPLIST_KEY_UISupportedInterfaceOrientations_iPad = "UIInterfaceOrientationPortrait UIInterfaceOrientationPortraitUpsideDown UIInterfaceOrientationLandscapeLeft UIInterfaceOrientationLandscapeRight";
				INFOPLIST_KEY_UISupportedInterfaceOrientations_iPhone = "UIInterfaceOrientationPortrait UIInterfaceOrientationLandscapeLeft UIInterfaceOrientationLandscapeRight";
				LD_RUNPATH_SEARCH_PATHS = (
					"$(inherited)",
					"@executable_path/Frameworks",
				);
				MARKETING_VERSION = 1.0;
				PRODUCT_BUNDLE_IDENTIFIER = QW.MyNotesApp;
				PRODUCT_NAME = "$(TARGET_NAME)";
				SWIFT_EMIT_LOC_STRINGS = YES;
				SWIFT_VERSION = 5.0;
				TARGETED_DEVICE_FAMILY = "1,2";
			};
			name = Release;
		};
/* End XCBuildConfiguration section */

/* Begin XCConfigurationList section */
		49B54D1E27BFE91200F2407E /* Build configuration list for PBXProject "MyNotesApp" */ = {
			isa = XCConfigurationList;
			buildConfigurations = (
				49B54D3527BFE91800F2407E /* Debug */,
				49B54D3627BFE91800F2407E /* Release */,
			);
			defaultConfigurationIsVisible = 0;
			defaultConfigurationName = Release;
		};
		49B54D3727BFE91800F2407E /* Build configuration list for PBXNativeTarget "MyNotesApp" */ = {
			isa = XCConfigurationList;
			buildConfigurations = (
				49B54D3827BFE91800F2407E /* Debug */,
				49B54D3927BFE91800F2407E /* Release */,
			);
			defaultConfigurationIsVisible = 0;
			defaultConfigurationName = Release;
		};
/* End XCConfigurationList section */
	};
	rootObject = 49B54D1B27BFE91200F2407E /* Project object */;
}
